PODS:
  - FMPhotoPicker (1.3.0)
  - FSCalendar (2.8.2)
  - ISEmojiView (0.2.6)
  - JXPhotoBrowser (3.1.3)
  - MJRefresh (3.6.1)
  - NVActivityIndicatorView (5.1.1):
    - NVActivityIndicatorView/Base (= 5.1.1)
  - NVActivityIndicatorView/Base (5.1.1)
  - Popover (1.3.0)
  - Realm (10.10.0):
    - Realm/Headers (= 10.10.0)
  - Realm/Headers (10.10.0)
  - RealmSwift (10.10.0):
    - Realm (= 10.10.0)
  - SnapKit (5.0.1)
  - TagListView (1.4.1)

DEPENDENCIES:
  - FMPhotoPicker (~> 1.3.0)
  - FSCalendar
  - ISEmojiView
  - JXPhotoBrowser (~> 3.0)
  - MJRefresh
  - NVActivityIndicatorView
  - Popover
  - RealmSwift
  - SnapKit
  - TagListView

SPEC REPOS:
  trunk:
    - FMPhotoPicker
    - FSCalendar
    - ISEmojiView
    - JXPhotoBrowser
    - MJRefresh
    - NVActivityIndicatorView
    - Popover
    - Realm
    - RealmSwift
    - SnapKit
    - TagListView

SPEC CHECKSUMS:
  FMPhotoPicker: 954d3c3e72521baffecdc23422ae149fdde3cd63
  FSCalendar: e6a2eb9c571bf0719ed797ef807e08426753c241
  ISEmojiView: f7cd94a6c93307f429ec5da001293d0b02247f03
  JXPhotoBrowser: d32e94e1226d43bf5ed83164e3f5b651fed625e0
  MJRefresh: d2c1970d1cf6e77fcfcdfe76c943dfab8dbfa5c1
  NVActivityIndicatorView: 1f6c5687f1171810aa27a3296814dc2d7dec3667
  Popover: 10e1d9528f81d9504df984b7b3f491292bc1822d
  Realm: f501df41a4222c67850c77cf135d472192ecf294
  RealmSwift: c69aadfc7db0d60075178d037c2f34ada73d5201
  SnapKit: 97b92857e3df3a0c71833cce143274bf6ef8e5eb
  TagListView: a1c236d17960a0cf64156725a76ce6d73ebce2be

PODFILE CHECKSUM: 34002f71c51618431288bc800594d62e79ab2280

COCOAPODS: 1.10.1
